
Microsoft Visual Studio Solution File, Format Version 12.00
# Visual Studio Version 17
VisualStudioVersion = 17.9.34728.123
MinimumVisualStudioVersion = 10.0.40219.1
Project("{8BC9CEB8-8B4A-11D0-8D11-00A0C91BC942}") = "Program", "Program.vcxproj", "{0D905327-3577-41C2-A352-D5402421CB32}"
EndProject
Project("{8BC9CEB8-8B4A-11D0-8D11-00A0C91BC942}") = "Class1th (Single Linked List)", "..\Class1th (Single Linked List)\Class1th (Single Linked List).vcxproj", "{9FF95C06-5395-4841-931E-CB9ABCFED395}"
EndProject
Project("{8BC9CEB8-8B4A-11D0-8D11-00A0C91BC942}") = "Class2th (Double Linked List)", "..\Class2th (Double Linked List)\Class2th (Double Linked List).vcxproj", "{893BE4E1-DF6B-4463-9033-BCD78849A947}"
EndProject
Project("{8BC9CEB8-8B4A-11D0-8D11-00A0C91BC942}") = "Class3th (Circle Linked List)", "..\Class3th (Circle Linked List)\Class3th (Circle Linked List).vcxproj", "{40EFCAC4-F0D6-470E-92CE-4CC5B783294C}"
EndProject
Project("{8BC9CEB8-8B4A-11D0-8D11-00A0C91BC942}") = "Class4th (Stack)", "..\Class4th (Stack)\Class4th (Stack).vcxproj", "{05B5299E-ED8F-447B-AAE2-3DD1D245A4F4}"
EndProject
Project("{8BC9CEB8-8B4A-11D0-8D11-00A0C91BC942}") = "Class5th (Linear Queue)", "..\Class5th (Linear Queue)\Class5th (Linear Queue).vcxproj", "{CEA1436F-F614-4DE2-9617-76C2AD891E76}"
EndProject
Project("{8BC9CEB8-8B4A-11D0-8D11-00A0C91BC942}") = "Class6th (Circle Queue)", "..\Class6th (Circle Queue)\Class6th (Circle Queue).vcxproj", "{44889806-F6EC-4709-831E-C72DB6DEE08F}"
EndProject
Global
	GlobalSection(SolutionConfigurationPlatforms) = preSolution
		Debug|x64 = Debug|x64
		Debug|x86 = Debug|x86
		Release|x64 = Release|x64
		Release|x86 = Release|x86
	EndGlobalSection
	GlobalSection(ProjectConfigurationPlatforms) = postSolution
		{0D905327-3577-41C2-A352-D5402421CB32}.Debug|x64.ActiveCfg = Debug|x64
		{0D905327-3577-41C2-A352-D5402421CB32}.Debug|x64.Build.0 = Debug|x64
		{0D905327-3577-41C2-A352-D5402421CB32}.Debug|x86.ActiveCfg = Debug|Win32
		{0D905327-3577-41C2-A352-D5402421CB32}.Debug|x86.Build.0 = Debug|Win32
		{0D905327-3577-41C2-A352-D5402421CB32}.Release|x64.ActiveCfg = Release|x64
		{0D905327-3577-41C2-A352-D5402421CB32}.Release|x64.Build.0 = Release|x64
		{0D905327-3577-41C2-A352-D5402421CB32}.Release|x86.ActiveCfg = Release|Win32
		{0D905327-3577-41C2-A352-D5402421CB32}.Release|x86.Build.0 = Release|Win32
		{9FF95C06-5395-4841-931E-CB9ABCFED395}.Debug|x64.ActiveCfg = Debug|x64
		{9FF95C06-5395-4841-931E-CB9ABCFED395}.Debug|x64.Build.0 = Debug|x64
		{9FF95C06-5395-4841-931E-CB9ABCFED395}.Debug|x86.ActiveCfg = Debug|Win32
		{9FF95C06-5395-4841-931E-CB9ABCFED395}.Debug|x86.Build.0 = Debug|Win32
		{9FF95C06-5395-4841-931E-CB9ABCFED395}.Release|x64.ActiveCfg = Release|x64
		{9FF95C06-5395-4841-931E-CB9ABCFED395}.Release|x64.Build.0 = Release|x64
		{9FF95C06-5395-4841-931E-CB9ABCFED395}.Release|x86.ActiveCfg = Release|Win32
		{9FF95C06-5395-4841-931E-CB9ABCFED395}.Release|x86.Build.0 = Release|Win32
		{893BE4E1-DF6B-4463-9033-BCD78849A947}.Debug|x64.ActiveCfg = Debug|x64
		{893BE4E1-DF6B-4463-9033-BCD78849A947}.Debug|x64.Build.0 = Debug|x64
		{893BE4E1-DF6B-4463-9033-BCD78849A947}.Debug|x86.ActiveCfg = Debug|Win32
		{893BE4E1-DF6B-4463-9033-BCD78849A947}.Debug|x86.Build.0 = Debug|Win32
		{893BE4E1-DF6B-4463-9033-BCD78849A947}.Release|x64.ActiveCfg = Release|x64
		{893BE4E1-DF6B-4463-9033-BCD78849A947}.Release|x64.Build.0 = Release|x64
		{893BE4E1-DF6B-4463-9033-BCD78849A947}.Release|x86.ActiveCfg = Release|Win32
		{893BE4E1-DF6B-4463-9033-BCD78849A947}.Release|x86.Build.0 = Release|Win32
		{40EFCAC4-F0D6-470E-92CE-4CC5B783294C}.Debug|x64.ActiveCfg = Debug|x64
		{40EFCAC4-F0D6-470E-92CE-4CC5B783294C}.Debug|x64.Build.0 = Debug|x64
		{40EFCAC4-F0D6-470E-92CE-4CC5B783294C}.Debug|x86.ActiveCfg = Debug|Win32
		{40EFCAC4-F0D6-470E-92CE-4CC5B783294C}.Debug|x86.Build.0 = Debug|Win32
		{40EFCAC4-F0D6-470E-92CE-4CC5B783294C}.Release|x64.ActiveCfg = Release|x64
		{40EFCAC4-F0D6-470E-92CE-4CC5B783294C}.Release|x64.Build.0 = Release|x64
		{40EFCAC4-F0D6-470E-92CE-4CC5B783294C}.Release|x86.ActiveCfg = Release|Win32
		{40EFCAC4-F0D6-470E-92CE-4CC5B783294C}.Release|x86.Build.0 = Release|Win32
		{05B5299E-ED8F-447B-AAE2-3DD1D245A4F4}.Debug|x64.ActiveCfg = Debug|x64
		{05B5299E-ED8F-447B-AAE2-3DD1D245A4F4}.Debug|x64.Build.0 = Debug|x64
		{05B5299E-ED8F-447B-AAE2-3DD1D245A4F4}.Debug|x86.ActiveCfg = Debug|Win32
		{05B5299E-ED8F-447B-AAE2-3DD1D245A4F4}.Debug|x86.Build.0 = Debug|Win32
		{05B5299E-ED8F-447B-AAE2-3DD1D245A4F4}.Release|x64.ActiveCfg = Release|x64
		{05B5299E-ED8F-447B-AAE2-3DD1D245A4F4}.Release|x64.Build.0 = Release|x64
		{05B5299E-ED8F-447B-AAE2-3DD1D245A4F4}.Release|x86.ActiveCfg = Release|Win32
		{05B5299E-ED8F-447B-AAE2-3DD1D245A4F4}.Release|x86.Build.0 = Release|Win32
		{CEA1436F-F614-4DE2-9617-76C2AD891E76}.Debug|x64.ActiveCfg = Debug|x64
		{CEA1436F-F614-4DE2-9617-76C2AD891E76}.Debug|x64.Build.0 = Debug|x64
		{CEA1436F-F614-4DE2-9617-76C2AD891E76}.Debug|x86.ActiveCfg = Debug|Win32
		{CEA1436F-F614-4DE2-9617-76C2AD891E76}.Debug|x86.Build.0 = Debug|Win32
		{CEA1436F-F614-4DE2-9617-76C2AD891E76}.Release|x64.ActiveCfg = Release|x64
		{CEA1436F-F614-4DE2-9617-76C2AD891E76}.Release|x64.Build.0 = Release|x64
		{CEA1436F-F614-4DE2-9617-76C2AD891E76}.Release|x86.ActiveCfg = Release|Win32
		{CEA1436F-F614-4DE2-9617-76C2AD891E76}.Release|x86.Build.0 = Release|Win32
		{44889806-F6EC-4709-831E-C72DB6DEE08F}.Debug|x64.ActiveCfg = Debug|x64
		{44889806-F6EC-4709-831E-C72DB6DEE08F}.Debug|x64.Build.0 = Debug|x64
		{44889806-F6EC-4709-831E-C72DB6DEE08F}.Debug|x86.ActiveCfg = Debug|Win32
		{44889806-F6EC-4709-831E-C72DB6DEE08F}.Debug|x86.Build.0 = Debug|Win32
		{44889806-F6EC-4709-831E-C72DB6DEE08F}.Release|x64.ActiveCfg = Release|x64
		{44889806-F6EC-4709-831E-C72DB6DEE08F}.Release|x64.Build.0 = Release|x64
		{44889806-F6EC-4709-831E-C72DB6DEE08F}.Release|x86.ActiveCfg = Release|Win32
		{44889806-F6EC-4709-831E-C72DB6DEE08F}.Release|x86.Build.0 = Release|Win32
	EndGlobalSection
	GlobalSection(SolutionProperties) = preSolution
		HideSolutionNode = FALSE
	EndGlobalSection
	GlobalSection(ExtensibilityGlobals) = postSolution
		SolutionGuid = {52273CC0-028B-4B61-9615-85BC2FC8CB61}
	EndGlobalSection
EndGlobal
