
Microsoft Visual Studio Solution File, Format Version 12.00
# Visual Studio Version 17
VisualStudioVersion = 17.9.34728.123
MinimumVisualStudioVersion = 10.0.40219.1
Project("{8BC9CEB8-8B4A-11D0-8D11-00A0C91BC942}") = "Program", "Program.vcxproj", "{9FBC6F0D-E9A3-4BD3-86BE-DE4BF26CACBB}"
EndProject
Project("{8BC9CEB8-8B4A-11D0-8D11-00A0C91BC942}") = "Class1th (Stream)", "..\Class1th (Stream)\Class1th (Stream).vcxproj", "{A1E07320-DF75-48A3-943A-F22613C5A130}"
EndProject
Project("{8BC9CEB8-8B4A-11D0-8D11-00A0C91BC942}") = "Class2th (Class)", "..\Class2th (Class)\Class2th (Class).vcxproj", "{DD8D4CC7-C4D5-412C-BE76-865F9F38E205}"
EndProject
Project("{8BC9CEB8-8B4A-11D0-8D11-00A0C91BC942}") = "Class3th (Constructor & Destructor)", "..\Class3th (Constructor & Destructor)\Class3th (Constructor & Destructor).vcxproj", "{299760C7-F787-491B-A332-ACB43B00D501}"
EndProject
Project("{8BC9CEB8-8B4A-11D0-8D11-00A0C91BC942}") = "Class4th (Shallow Copy & Deep Copy)", "..\Class4th (Shallow Copy & Deep Copy)\Class4th (Shallow Copy & Deep Copy).vcxproj", "{EB8FF96B-7788-4B06-8520-E314365A5A87}"
EndProject
Project("{8BC9CEB8-8B4A-11D0-8D11-00A0C91BC942}") = "Class5th (Inheritance)", "..\Class5th (Inheritance)\Class5th (Inheritance).vcxproj", "{3D5EC274-FFB5-4F93-BC41-8F8E31581514}"
EndProject
Project("{8BC9CEB8-8B4A-11D0-8D11-00A0C91BC942}") = "Class6th (Polymorphism)", "..\Class6th (Polymorphism)\Class6th (Polymorphism).vcxproj", "{F05F8453-0C15-41B5-859F-812DCD4C8F39}"
EndProject
Project("{8BC9CEB8-8B4A-11D0-8D11-00A0C91BC942}") = "Class7th (Virtual Function)", "..\Class7th (Virtual Function)\Class7th (Virtual Function).vcxproj", "{BB1B7737-A82B-48EA-80A8-ACAB65961D6A}"
EndProject
Project("{8BC9CEB8-8B4A-11D0-8D11-00A0C91BC942}") = "Class8th (Abstract)", "..\Class8th (Abstract)\Class8th (Abstract).vcxproj", "{EBB22C01-BC54-43D1-B6DF-FA448EF87F67}"
EndProject
Project("{8BC9CEB8-8B4A-11D0-8D11-00A0C91BC942}") = "Class9th (Operator Overloading)", "..\Class9th (Operator Overloading)\Class9th (Operator Overloading).vcxproj", "{7D0B35A2-FA34-4347-B14A-E39F3F9B3301}"
EndProject
Project("{8BC9CEB8-8B4A-11D0-8D11-00A0C91BC942}") = "Class10th (Template)", "..\Class10th (Template)\Class10th (Template).vcxproj", "{FC23F691-B6C2-4F15-85F0-B5CAD6F669A8}"
EndProject
Project("{8BC9CEB8-8B4A-11D0-8D11-00A0C91BC942}") = "Class11th (Smart Pointer)", "..\Class11th (Smart Pointer)\Class11th (Smart Pointer).vcxproj", "{54E93C40-4D75-4DAC-9138-3FB0B86A3E91}"
EndProject
Project("{8BC9CEB8-8B4A-11D0-8D11-00A0C91BC942}") = "Class12th (Thread)", "..\Class12th (Thread)\Class12th (Thread).vcxproj", "{64CD956C-A05C-4694-9484-DF3AD7AB37E9}"
EndProject
Global
	GlobalSection(SolutionConfigurationPlatforms) = preSolution
		Debug|x64 = Debug|x64
		Debug|x86 = Debug|x86
		Release|x64 = Release|x64
		Release|x86 = Release|x86
	EndGlobalSection
	GlobalSection(ProjectConfigurationPlatforms) = postSolution
		{9FBC6F0D-E9A3-4BD3-86BE-DE4BF26CACBB}.Debug|x64.ActiveCfg = Debug|x64
		{9FBC6F0D-E9A3-4BD3-86BE-DE4BF26CACBB}.Debug|x64.Build.0 = Debug|x64
		{9FBC6F0D-E9A3-4BD3-86BE-DE4BF26CACBB}.Debug|x86.ActiveCfg = Debug|Win32
		{9FBC6F0D-E9A3-4BD3-86BE-DE4BF26CACBB}.Debug|x86.Build.0 = Debug|Win32
		{9FBC6F0D-E9A3-4BD3-86BE-DE4BF26CACBB}.Release|x64.ActiveCfg = Release|x64
		{9FBC6F0D-E9A3-4BD3-86BE-DE4BF26CACBB}.Release|x64.Build.0 = Release|x64
		{9FBC6F0D-E9A3-4BD3-86BE-DE4BF26CACBB}.Release|x86.ActiveCfg = Release|Win32
		{9FBC6F0D-E9A3-4BD3-86BE-DE4BF26CACBB}.Release|x86.Build.0 = Release|Win32
		{A1E07320-DF75-48A3-943A-F22613C5A130}.Debug|x64.ActiveCfg = Debug|x64
		{A1E07320-DF75-48A3-943A-F22613C5A130}.Debug|x64.Build.0 = Debug|x64
		{A1E07320-DF75-48A3-943A-F22613C5A130}.Debug|x86.ActiveCfg = Debug|Win32
		{A1E07320-DF75-48A3-943A-F22613C5A130}.Debug|x86.Build.0 = Debug|Win32
		{A1E07320-DF75-48A3-943A-F22613C5A130}.Release|x64.ActiveCfg = Release|x64
		{A1E07320-DF75-48A3-943A-F22613C5A130}.Release|x64.Build.0 = Release|x64
		{A1E07320-DF75-48A3-943A-F22613C5A130}.Release|x86.ActiveCfg = Release|Win32
		{A1E07320-DF75-48A3-943A-F22613C5A130}.Release|x86.Build.0 = Release|Win32
		{DD8D4CC7-C4D5-412C-BE76-865F9F38E205}.Debug|x64.ActiveCfg = Debug|x64
		{DD8D4CC7-C4D5-412C-BE76-865F9F38E205}.Debug|x64.Build.0 = Debug|x64
		{DD8D4CC7-C4D5-412C-BE76-865F9F38E205}.Debug|x86.ActiveCfg = Debug|Win32
		{DD8D4CC7-C4D5-412C-BE76-865F9F38E205}.Debug|x86.Build.0 = Debug|Win32
		{DD8D4CC7-C4D5-412C-BE76-865F9F38E205}.Release|x64.ActiveCfg = Release|x64
		{DD8D4CC7-C4D5-412C-BE76-865F9F38E205}.Release|x64.Build.0 = Release|x64
		{DD8D4CC7-C4D5-412C-BE76-865F9F38E205}.Release|x86.ActiveCfg = Release|Win32
		{DD8D4CC7-C4D5-412C-BE76-865F9F38E205}.Release|x86.Build.0 = Release|Win32
		{299760C7-F787-491B-A332-ACB43B00D501}.Debug|x64.ActiveCfg = Debug|x64
		{299760C7-F787-491B-A332-ACB43B00D501}.Debug|x64.Build.0 = Debug|x64
		{299760C7-F787-491B-A332-ACB43B00D501}.Debug|x86.ActiveCfg = Debug|Win32
		{299760C7-F787-491B-A332-ACB43B00D501}.Debug|x86.Build.0 = Debug|Win32
		{299760C7-F787-491B-A332-ACB43B00D501}.Release|x64.ActiveCfg = Release|x64
		{299760C7-F787-491B-A332-ACB43B00D501}.Release|x64.Build.0 = Release|x64
		{299760C7-F787-491B-A332-ACB43B00D501}.Release|x86.ActiveCfg = Release|Win32
		{299760C7-F787-491B-A332-ACB43B00D501}.Release|x86.Build.0 = Release|Win32
		{EB8FF96B-7788-4B06-8520-E314365A5A87}.Debug|x64.ActiveCfg = Debug|x64
		{EB8FF96B-7788-4B06-8520-E314365A5A87}.Debug|x64.Build.0 = Debug|x64
		{EB8FF96B-7788-4B06-8520-E314365A5A87}.Debug|x86.ActiveCfg = Debug|Win32
		{EB8FF96B-7788-4B06-8520-E314365A5A87}.Debug|x86.Build.0 = Debug|Win32
		{EB8FF96B-7788-4B06-8520-E314365A5A87}.Release|x64.ActiveCfg = Release|x64
		{EB8FF96B-7788-4B06-8520-E314365A5A87}.Release|x64.Build.0 = Release|x64
		{EB8FF96B-7788-4B06-8520-E314365A5A87}.Release|x86.ActiveCfg = Release|Win32
		{EB8FF96B-7788-4B06-8520-E314365A5A87}.Release|x86.Build.0 = Release|Win32
		{3D5EC274-FFB5-4F93-BC41-8F8E31581514}.Debug|x64.ActiveCfg = Debug|x64
		{3D5EC274-FFB5-4F93-BC41-8F8E31581514}.Debug|x64.Build.0 = Debug|x64
		{3D5EC274-FFB5-4F93-BC41-8F8E31581514}.Debug|x86.ActiveCfg = Debug|Win32
		{3D5EC274-FFB5-4F93-BC41-8F8E31581514}.Debug|x86.Build.0 = Debug|Win32
		{3D5EC274-FFB5-4F93-BC41-8F8E31581514}.Release|x64.ActiveCfg = Release|x64
		{3D5EC274-FFB5-4F93-BC41-8F8E31581514}.Release|x64.Build.0 = Release|x64
		{3D5EC274-FFB5-4F93-BC41-8F8E31581514}.Release|x86.ActiveCfg = Release|Win32
		{3D5EC274-FFB5-4F93-BC41-8F8E31581514}.Release|x86.Build.0 = Release|Win32
		{F05F8453-0C15-41B5-859F-812DCD4C8F39}.Debug|x64.ActiveCfg = Debug|x64
		{F05F8453-0C15-41B5-859F-812DCD4C8F39}.Debug|x64.Build.0 = Debug|x64
		{F05F8453-0C15-41B5-859F-812DCD4C8F39}.Debug|x86.ActiveCfg = Debug|Win32
		{F05F8453-0C15-41B5-859F-812DCD4C8F39}.Debug|x86.Build.0 = Debug|Win32
		{F05F8453-0C15-41B5-859F-812DCD4C8F39}.Release|x64.ActiveCfg = Release|x64
		{F05F8453-0C15-41B5-859F-812DCD4C8F39}.Release|x64.Build.0 = Release|x64
		{F05F8453-0C15-41B5-859F-812DCD4C8F39}.Release|x86.ActiveCfg = Release|Win32
		{F05F8453-0C15-41B5-859F-812DCD4C8F39}.Release|x86.Build.0 = Release|Win32
		{BB1B7737-A82B-48EA-80A8-ACAB65961D6A}.Debug|x64.ActiveCfg = Debug|x64
		{BB1B7737-A82B-48EA-80A8-ACAB65961D6A}.Debug|x64.Build.0 = Debug|x64
		{BB1B7737-A82B-48EA-80A8-ACAB65961D6A}.Debug|x86.ActiveCfg = Debug|Win32
		{BB1B7737-A82B-48EA-80A8-ACAB65961D6A}.Debug|x86.Build.0 = Debug|Win32
		{BB1B7737-A82B-48EA-80A8-ACAB65961D6A}.Release|x64.ActiveCfg = Release|x64
		{BB1B7737-A82B-48EA-80A8-ACAB65961D6A}.Release|x64.Build.0 = Release|x64
		{BB1B7737-A82B-48EA-80A8-ACAB65961D6A}.Release|x86.ActiveCfg = Release|Win32
		{BB1B7737-A82B-48EA-80A8-ACAB65961D6A}.Release|x86.Build.0 = Release|Win32
		{EBB22C01-BC54-43D1-B6DF-FA448EF87F67}.Debug|x64.ActiveCfg = Debug|x64
		{EBB22C01-BC54-43D1-B6DF-FA448EF87F67}.Debug|x64.Build.0 = Debug|x64
		{EBB22C01-BC54-43D1-B6DF-FA448EF87F67}.Debug|x86.ActiveCfg = Debug|Win32
		{EBB22C01-BC54-43D1-B6DF-FA448EF87F67}.Debug|x86.Build.0 = Debug|Win32
		{EBB22C01-BC54-43D1-B6DF-FA448EF87F67}.Release|x64.ActiveCfg = Release|x64
		{EBB22C01-BC54-43D1-B6DF-FA448EF87F67}.Release|x64.Build.0 = Release|x64
		{EBB22C01-BC54-43D1-B6DF-FA448EF87F67}.Release|x86.ActiveCfg = Release|Win32
		{EBB22C01-BC54-43D1-B6DF-FA448EF87F67}.Release|x86.Build.0 = Release|Win32
		{7D0B35A2-FA34-4347-B14A-E39F3F9B3301}.Debug|x64.ActiveCfg = Debug|x64
		{7D0B35A2-FA34-4347-B14A-E39F3F9B3301}.Debug|x64.Build.0 = Debug|x64
		{7D0B35A2-FA34-4347-B14A-E39F3F9B3301}.Debug|x86.ActiveCfg = Debug|Win32
		{7D0B35A2-FA34-4347-B14A-E39F3F9B3301}.Debug|x86.Build.0 = Debug|Win32
		{7D0B35A2-FA34-4347-B14A-E39F3F9B3301}.Release|x64.ActiveCfg = Release|x64
		{7D0B35A2-FA34-4347-B14A-E39F3F9B3301}.Release|x64.Build.0 = Release|x64
		{7D0B35A2-FA34-4347-B14A-E39F3F9B3301}.Release|x86.ActiveCfg = Release|Win32
		{7D0B35A2-FA34-4347-B14A-E39F3F9B3301}.Release|x86.Build.0 = Release|Win32
		{FC23F691-B6C2-4F15-85F0-B5CAD6F669A8}.Debug|x64.ActiveCfg = Debug|x64
		{FC23F691-B6C2-4F15-85F0-B5CAD6F669A8}.Debug|x64.Build.0 = Debug|x64
		{FC23F691-B6C2-4F15-85F0-B5CAD6F669A8}.Debug|x86.ActiveCfg = Debug|Win32
		{FC23F691-B6C2-4F15-85F0-B5CAD6F669A8}.Debug|x86.Build.0 = Debug|Win32
		{FC23F691-B6C2-4F15-85F0-B5CAD6F669A8}.Release|x64.ActiveCfg = Release|x64
		{FC23F691-B6C2-4F15-85F0-B5CAD6F669A8}.Release|x64.Build.0 = Release|x64
		{FC23F691-B6C2-4F15-85F0-B5CAD6F669A8}.Release|x86.ActiveCfg = Release|Win32
		{FC23F691-B6C2-4F15-85F0-B5CAD6F669A8}.Release|x86.Build.0 = Release|Win32
		{54E93C40-4D75-4DAC-9138-3FB0B86A3E91}.Debug|x64.ActiveCfg = Debug|x64
		{54E93C40-4D75-4DAC-9138-3FB0B86A3E91}.Debug|x64.Build.0 = Debug|x64
		{54E93C40-4D75-4DAC-9138-3FB0B86A3E91}.Debug|x86.ActiveCfg = Debug|Win32
		{54E93C40-4D75-4DAC-9138-3FB0B86A3E91}.Debug|x86.Build.0 = Debug|Win32
		{54E93C40-4D75-4DAC-9138-3FB0B86A3E91}.Release|x64.ActiveCfg = Release|x64
		{54E93C40-4D75-4DAC-9138-3FB0B86A3E91}.Release|x64.Build.0 = Release|x64
		{54E93C40-4D75-4DAC-9138-3FB0B86A3E91}.Release|x86.ActiveCfg = Release|Win32
		{54E93C40-4D75-4DAC-9138-3FB0B86A3E91}.Release|x86.Build.0 = Release|Win32
		{64CD956C-A05C-4694-9484-DF3AD7AB37E9}.Debug|x64.ActiveCfg = Debug|x64
		{64CD956C-A05C-4694-9484-DF3AD7AB37E9}.Debug|x64.Build.0 = Debug|x64
		{64CD956C-A05C-4694-9484-DF3AD7AB37E9}.Debug|x86.ActiveCfg = Debug|Win32
		{64CD956C-A05C-4694-9484-DF3AD7AB37E9}.Debug|x86.Build.0 = Debug|Win32
		{64CD956C-A05C-4694-9484-DF3AD7AB37E9}.Release|x64.ActiveCfg = Release|x64
		{64CD956C-A05C-4694-9484-DF3AD7AB37E9}.Release|x64.Build.0 = Release|x64
		{64CD956C-A05C-4694-9484-DF3AD7AB37E9}.Release|x86.ActiveCfg = Release|Win32
		{64CD956C-A05C-4694-9484-DF3AD7AB37E9}.Release|x86.Build.0 = Release|Win32
	EndGlobalSection
	GlobalSection(SolutionProperties) = preSolution
		HideSolutionNode = FALSE
	EndGlobalSection
	GlobalSection(ExtensibilityGlobals) = postSolution
		SolutionGuid = {09FA1821-741C-4929-A3BB-31B926CB0FA5}
	EndGlobalSection
EndGlobal
